// !$*UTF8*$!
{
	archiveVersion = 1;
	classes = {
	};
	objectVersion = 46;
	objects = {

/* Begin PBXBuildFile section */
		840CBBBE1CC0C57A00244345 /* UserDataMgr.swift in Sources */ = {isa = PBXBuildFile; fileRef = 840CBBBD1CC0C57A00244345 /* UserDataMgr.swift */; };
		840CBBC01CC0D55500244345 /* DataRequest.swift in Sources */ = {isa = PBXBuildFile; fileRef = 840CBBBF1CC0D55500244345 /* DataRequest.swift */; };
		842C81531CCE1CA800109FD2 /* LoginViewController.swift in Sources */ = {isa = PBXBuildFile; fileRef = 842C81521CCE1CA800109FD2 /* LoginViewController.swift */; };
		842C81561CCE1E6B00109FD2 /* MyViewController.swift in Sources */ = {isa = PBXBuildFile; fileRef = 842C81551CCE1E6B00109FD2 /* MyViewController.swift */; };
		842C815D1CCE21B000109FD2 /* MySVProgressHUD.m in Sources */ = {isa = PBXBuildFile; fileRef = 842C81591CCE21B000109FD2 /* MySVProgressHUD.m */; };
		842C815E1CCE21B000109FD2 /* SVProgressHUD.bundle in Resources */ = {isa = PBXBuildFile; fileRef = 842C815A1CCE21B000109FD2 /* SVProgressHUD.bundle */; };
		842C815F1CCE21B000109FD2 /* SVProgressHUD.m in Sources */ = {isa = PBXBuildFile; fileRef = 842C815C1CCE21B000109FD2 /* SVProgressHUD.m */; settings = {COMPILER_FLAGS = "-fno-objc-arc"; }; };
		84371DFD1CC4D75A00478369 /* Alamofire.framework in Frameworks */ = {isa = PBXBuildFile; fileRef = 84371DEB1CC4CFDB00478369 /* Alamofire.framework */; };
		84371DFE1CC4D75A00478369 /* Alamofire.framework in Embed Frameworks */ = {isa = PBXBuildFile; fileRef = 84371DEB1CC4CFDB00478369 /* Alamofire.framework */; settings = {ATTRIBUTES = (CodeSignOnCopy, RemoveHeadersOnCopy, ); }; };
		847BC88B1CBDEADF009E16A0 /* AFNetworkReachabilityManager.m in Sources */ = {isa = PBXBuildFile; fileRef = 847BC88A1CBDEADF009E16A0 /* AFNetworkReachabilityManager.m */; };
		847BC8AC1CBDEE90009E16A0 /* Assets.xcassets in Resources */ = {isa = PBXBuildFile; fileRef = 847BC8A11CBDEE90009E16A0 /* Assets.xcassets */; };
		847BC8AD1CBDEE90009E16A0 /* LaunchScreen.storyboard in Resources */ = {isa = PBXBuildFile; fileRef = 847BC8A21CBDEE90009E16A0 /* LaunchScreen.storyboard */; };
		847BC8AE1CBDEE90009E16A0 /* BridgeHeader.m in Sources */ = {isa = PBXBuildFile; fileRef = 847BC8A51CBDEE90009E16A0 /* BridgeHeader.m */; };
		847BC8AF1CBDEE90009E16A0 /* AppDelegate.swift in Sources */ = {isa = PBXBuildFile; fileRef = 847BC8A91CBDEE90009E16A0 /* AppDelegate.swift */; };
		847BC8B01CBDEE90009E16A0 /* Main.storyboard in Resources */ = {isa = PBXBuildFile; fileRef = 847BC8AA1CBDEE90009E16A0 /* Main.storyboard */; };
		847BC8B11CBDEE90009E16A0 /* ViewController.swift in Sources */ = {isa = PBXBuildFile; fileRef = 847BC8AB1CBDEE90009E16A0 /* ViewController.swift */; };
		847BC8B41CBE2D46009E16A0 /* CustomFont.swift in Sources */ = {isa = PBXBuildFile; fileRef = 847BC8B31CBE2D46009E16A0 /* CustomFont.swift */; };
		847BC8B61CBE3184009E16A0 /* ReachabilityCTTelphoneRadioInfo.swift in Sources */ = {isa = PBXBuildFile; fileRef = 847BC8B51CBE3184009E16A0 /* ReachabilityCTTelphoneRadioInfo.swift */; };
		847BC8B81CBE37BB009E16A0 /* AddPerfernces.swift in Sources */ = {isa = PBXBuildFile; fileRef = 847BC8B71CBE37BB009E16A0 /* AddPerfernces.swift */; };
		848436C61CBD033A007E59E7 /* ImprMySkilTests.swift in Sources */ = {isa = PBXBuildFile; fileRef = 848436C51CBD033A007E59E7 /* ImprMySkilTests.swift */; };
		848436D11CBD033A007E59E7 /* ImprMySkilUITests.swift in Sources */ = {isa = PBXBuildFile; fileRef = 848436D01CBD033A007E59E7 /* ImprMySkilUITests.swift */; };
		84F912101CC60DC200AEAB90 /* FileterdWebCache.swift in Sources */ = {isa = PBXBuildFile; fileRef = 84F9120F1CC60DC200AEAB90 /* FileterdWebCache.swift */; };
/* End PBXBuildFile section */

/* Begin PBXContainerItemProxy section */
		84371DEA1CC4CFDB00478369 /* PBXContainerItemProxy */ = {
			isa = PBXContainerItemProxy;
			containerPortal = 84371DE01CC4CFDA00478369 /* Alamofire.xcodeproj */;
			proxyType = 2;
			remoteGlobalIDString = F8111E3319A95C8B0040E7D1;
			remoteInfo = "Alamofire iOS";
		};
		84371DEC1CC4CFDB00478369 /* PBXContainerItemProxy */ = {
			isa = PBXContainerItemProxy;
			containerPortal = 84371DE01CC4CFDA00478369 /* Alamofire.xcodeproj */;
			proxyType = 2;
			remoteGlobalIDString = F8111E3E19A95C8B0040E7D1;
			remoteInfo = "Alamofire iOS Tests";
		};
		84371DEE1CC4CFDB00478369 /* PBXContainerItemProxy */ = {
			isa = PBXContainerItemProxy;
			containerPortal = 84371DE01CC4CFDA00478369 /* Alamofire.xcodeproj */;
			proxyType = 2;
			remoteGlobalIDString = 4DD67C0B1A5C55C900ED2280;
			remoteInfo = "Alamofire OSX";
		};
		84371DF01CC4CFDB00478369 /* PBXContainerItemProxy */ = {
			isa = PBXContainerItemProxy;
			containerPortal = 84371DE01CC4CFDA00478369 /* Alamofire.xcodeproj */;
			proxyType = 2;
			remoteGlobalIDString = F829C6B21A7A94F100A2CD59;
			remoteInfo = "Alamofire OSX Tests";
		};
		84371DF21CC4CFDB00478369 /* PBXContainerItemProxy */ = {
			isa = PBXContainerItemProxy;
			containerPortal = 84371DE01CC4CFDA00478369 /* Alamofire.xcodeproj */;
			proxyType = 2;
			remoteGlobalIDString = 4CF626EF1BA7CB3E0011A099;
			remoteInfo = "Alamofire tvOS";
		};
		84371DF41CC4CFDB00478369 /* PBXContainerItemProxy */ = {
			isa = PBXContainerItemProxy;
			containerPortal = 84371DE01CC4CFDA00478369 /* Alamofire.xcodeproj */;
			proxyType = 2;
			remoteGlobalIDString = 4CF626F81BA7CB3E0011A099;
			remoteInfo = "Alamofire tvOS Tests";
		};
		84371DF61CC4CFDB00478369 /* PBXContainerItemProxy */ = {
			isa = PBXContainerItemProxy;
			containerPortal = 84371DE01CC4CFDA00478369 /* Alamofire.xcodeproj */;
			proxyType = 2;
			remoteGlobalIDString = E4202FE01B667AA100C997FB;
			remoteInfo = "Alamofire watchOS";
		};
		84371DFF1CC4D75A00478369 /* PBXContainerItemProxy */ = {
			isa = PBXContainerItemProxy;
			containerPortal = 84371DE01CC4CFDA00478369 /* Alamofire.xcodeproj */;
			proxyType = 1;
			remoteGlobalIDString = F8111E3219A95C8B0040E7D1;
			remoteInfo = "Alamofire iOS";
		};
		848436C21CBD033A007E59E7 /* PBXContainerItemProxy */ = {
			isa = PBXContainerItemProxy;
			containerPortal = 848436A51CBD033A007E59E7 /* Project object */;
			proxyType = 1;
			remoteGlobalIDString = 848436AC1CBD033A007E59E7;
			remoteInfo = ImprMySkil;
		};
		848436CD1CBD033A007E59E7 /* PBXContainerItemProxy */ = {
			isa = PBXContainerItemProxy;
			containerPortal = 848436A51CBD033A007E59E7 /* Project object */;
			proxyType = 1;
			remoteGlobalIDString = 848436AC1CBD033A007E59E7;
			remoteInfo = ImprMySkil;
		};
/* End PBXContainerItemProxy section */

/* Begin PBXCopyFilesBuildPhase section */
		84371E011CC4D75A00478369 /* Embed Frameworks */ = {
			isa = PBXCopyFilesBuildPhase;
			buildActionMask = 2147483647;
			dstPath = "";
			dstSubfolderSpec = 10;
			files = (
				84371DFE1CC4D75A00478369 /* Alamofire.framework in Embed Frameworks */,
			);
			name = "Embed Frameworks";
			runOnlyForDeploymentPostprocessing = 0;
		};
/* End PBXCopyFilesBuildPhase section */

/* Begin PBXFileReference section */
		840CBBBD1CC0C57A00244345 /* UserDataMgr.swift */ = {isa = PBXFileReference; fileEncoding = 4; lastKnownFileType = sourcecode.swift; path = UserDataMgr.swift; sourceTree = "<group>"; };
		840CBBBF1CC0D55500244345 /* DataRequest.swift */ = {isa = PBXFileReference; fileEncoding = 4; lastKnownFileType = sourcecode.swift; path = DataRequest.swift; sourceTree = "<group>"; };
		842C81521CCE1CA800109FD2 /* LoginViewController.swift */ = {isa = PBXFileReference; fileEncoding = 4; lastKnownFileType = sourcecode.swift; path = LoginViewController.swift; sourceTree = "<group>"; };
		842C81551CCE1E6B00109FD2 /* MyViewController.swift */ = {isa = PBXFileReference; fileEncoding = 4; lastKnownFileType = sourcecode.swift; path = MyViewController.swift; sourceTree = "<group>"; };
		842C81581CCE21B000109FD2 /* MySVProgressHUD.h */ = {isa = PBXFileReference; fileEncoding = 4; lastKnownFileType = sourcecode.c.h; path = MySVProgressHUD.h; sourceTree = "<group>"; };
		842C81591CCE21B000109FD2 /* MySVProgressHUD.m */ = {isa = PBXFileReference; fileEncoding = 4; lastKnownFileType = sourcecode.c.objc; path = MySVProgressHUD.m; sourceTree = "<group>"; };
		842C815A1CCE21B000109FD2 /* SVProgressHUD.bundle */ = {isa = PBXFileReference; lastKnownFileType = "wrapper.plug-in"; path = SVProgressHUD.bundle; sourceTree = "<group>"; };
		842C815B1CCE21B000109FD2 /* SVProgressHUD.h */ = {isa = PBXFileReference; fileEncoding = 4; lastKnownFileType = sourcecode.c.h; path = SVProgressHUD.h; sourceTree = "<group>"; };
		842C815C1CCE21B000109FD2 /* SVProgressHUD.m */ = {isa = PBXFileReference; fileEncoding = 4; lastKnownFileType = sourcecode.c.objc; path = SVProgressHUD.m; sourceTree = "<group>"; };
		84371DE01CC4CFDA00478369 /* Alamofire.xcodeproj */ = {isa = PBXFileReference; lastKnownFileType = "wrapper.pb-project"; name = Alamofire.xcodeproj; path = "Alamofire-master/Alamofire.xcodeproj"; sourceTree = "<group>"; };
		847BC8891CBDEADF009E16A0 /* AFNetworkReachabilityManager.h */ = {isa = PBXFileReference; fileEncoding = 4; lastKnownFileType = sourcecode.c.h; path = AFNetworkReachabilityManager.h; sourceTree = "<group>"; };
		847BC88A1CBDEADF009E16A0 /* AFNetworkReachabilityManager.m */ = {isa = PBXFileReference; fileEncoding = 4; lastKnownFileType = sourcecode.c.objc; path = AFNetworkReachabilityManager.m; sourceTree = "<group>"; };
		847BC8A11CBDEE90009E16A0 /* Assets.xcassets */ = {isa = PBXFileReference; lastKnownFileType = folder.assetcatalog; path = Assets.xcassets; sourceTree = "<group>"; };
		847BC8A31CBDEE90009E16A0 /* Base */ = {isa = PBXFileReference; lastKnownFileType = file.storyboard; name = Base; path = Base.lproj/LaunchScreen.storyboard; sourceTree = "<group>"; };
		847BC8A41CBDEE90009E16A0 /* BridgeHeader.h */ = {isa = PBXFileReference; fileEncoding = 4; lastKnownFileType = sourcecode.c.h; path = BridgeHeader.h; sourceTree = "<group>"; };
		847BC8A51CBDEE90009E16A0 /* BridgeHeader.m */ = {isa = PBXFileReference; fileEncoding = 4; lastKnownFileType = sourcecode.c.objc; path = BridgeHeader.m; sourceTree = "<group>"; };
		847BC8A61CBDEE90009E16A0 /* ImprMySkil-Bridging-Header.h */ = {isa = PBXFileReference; fileEncoding = 4; lastKnownFileType = sourcecode.c.h; path = "ImprMySkil-Bridging-Header.h"; sourceTree = "<group>"; };
		847BC8A91CBDEE90009E16A0 /* AppDelegate.swift */ = {isa = PBXFileReference; fileEncoding = 4; lastKnownFileType = sourcecode.swift; path = AppDelegate.swift; sourceTree = "<group>"; };
		847BC8AA1CBDEE90009E16A0 /* Main.storyboard */ = {isa = PBXFileReference; fileEncoding = 4; lastKnownFileType = file.storyboard; path = Main.storyboard; sourceTree = "<group>"; };
		847BC8AB1CBDEE90009E16A0 /* ViewController.swift */ = {isa = PBXFileReference; fileEncoding = 4; lastKnownFileType = sourcecode.swift; path = ViewController.swift; sourceTree = "<group>"; };
		847BC8B31CBE2D46009E16A0 /* CustomFont.swift */ = {isa = PBXFileReference; fileEncoding = 4; lastKnownFileType = sourcecode.swift; path = CustomFont.swift; sourceTree = "<group>"; };
		847BC8B51CBE3184009E16A0 /* ReachabilityCTTelphoneRadioInfo.swift */ = {isa = PBXFileReference; fileEncoding = 4; lastKnownFileType = sourcecode.swift; path = ReachabilityCTTelphoneRadioInfo.swift; sourceTree = "<group>"; };
		847BC8B71CBE37BB009E16A0 /* AddPerfernces.swift */ = {isa = PBXFileReference; fileEncoding = 4; lastKnownFileType = sourcecode.swift; path = AddPerfernces.swift; sourceTree = "<group>"; };
		848436AD1CBD033A007E59E7 /* ImprMySkil.app */ = {isa = PBXFileReference; explicitFileType = wrapper.application; includeInIndex = 0; path = ImprMySkil.app; sourceTree = BUILT_PRODUCTS_DIR; };
		848436BC1CBD033A007E59E7 /* Info.plist */ = {isa = PBXFileReference; lastKnownFileType = text.plist.xml; name = Info.plist; path = ../Info.plist; sourceTree = "<group>"; };
		848436C11CBD033A007E59E7 /* ImprMySkilTests.xctest */ = {isa = PBXFileReference; explicitFileType = wrapper.cfbundle; includeInIndex = 0; path = ImprMySkilTests.xctest; sourceTree = BUILT_PRODUCTS_DIR; };
		848436C51CBD033A007E59E7 /* ImprMySkilTests.swift */ = {isa = PBXFileReference; lastKnownFileType = sourcecode.swift; path = ImprMySkilTests.swift; sourceTree = "<group>"; };
		848436C71CBD033A007E59E7 /* Info.plist */ = {isa = PBXFileReference; lastKnownFileType = text.plist.xml; path = Info.plist; sourceTree = "<group>"; };
		848436CC1CBD033A007E59E7 /* ImprMySkilUITests.xctest */ = {isa = PBXFileReference; explicitFileType = wrapper.cfbundle; includeInIndex = 0; path = ImprMySkilUITests.xctest; sourceTree = BUILT_PRODUCTS_DIR; };
		848436D01CBD033A007E59E7 /* ImprMySkilUITests.swift */ = {isa = PBXFileReference; lastKnownFileType = sourcecode.swift; path = ImprMySkilUITests.swift; sourceTree = "<group>"; };
		848436D21CBD033A007E59E7 /* Info.plist */ = {isa = PBXFileReference; lastKnownFileType = text.plist.xml; path = Info.plist; sourceTree = "<group>"; };
		84F9120F1CC60DC200AEAB90 /* FileterdWebCache.swift */ = {isa = PBXFileReference; fileEncoding = 4; lastKnownFileType = sourcecode.swift; path = FileterdWebCache.swift; sourceTree = "<group>"; };
/* End PBXFileReference section */

/* Begin PBXFrameworksBuildPhase section */
		848436AA1CBD033A007E59E7 /* Frameworks */ = {
			isa = PBXFrameworksBuildPhase;
			buildActionMask = 2147483647;
			files = (
				84371DFD1CC4D75A00478369 /* Alamofire.framework in Frameworks */,
			);
			runOnlyForDeploymentPostprocessing = 0;
		};
		848436BE1CBD033A007E59E7 /* Frameworks */ = {
			isa = PBXFrameworksBuildPhase;
			buildActionMask = 2147483647;
			files = (
			);
			runOnlyForDeploymentPostprocessing = 0;
		};
		848436C91CBD033A007E59E7 /* Frameworks */ = {
			isa = PBXFrameworksBuildPhase;
			buildActionMask = 2147483647;
			files = (
			);
			runOnlyForDeploymentPostprocessing = 0;
		};
/* End PBXFrameworksBuildPhase section */

/* Begin PBXGroup section */
		842C814B1CCE1C6300109FD2 /* Login */ = {
			isa = PBXGroup;
			children = (
				842C81521CCE1CA800109FD2 /* LoginViewController.swift */,
			);
			name = Login;
			path = Main/Login;
			sourceTree = "<group>";
		};
		842C81541CCE1E5000109FD2 /* CustomUI */ = {
			isa = PBXGroup;
			children = (
				842C81551CCE1E6B00109FD2 /* MyViewController.swift */,
			);
			path = CustomUI;
			sourceTree = "<group>";
		};
		842C81571CCE21B000109FD2 /* SVProgressHUD */ = {
			isa = PBXGroup;
			children = (
				842C81581CCE21B000109FD2 /* MySVProgressHUD.h */,
				842C81591CCE21B000109FD2 /* MySVProgressHUD.m */,
				842C815A1CCE21B000109FD2 /* SVProgressHUD.bundle */,
				842C815B1CCE21B000109FD2 /* SVProgressHUD.h */,
				842C815C1CCE21B000109FD2 /* SVProgressHUD.m */,
			);
			path = SVProgressHUD;
			sourceTree = "<group>";
		};
		84371DE11CC4CFDA00478369 /* Products */ = {
			isa = PBXGroup;
			children = (
				84371DEB1CC4CFDB00478369 /* Alamofire.framework */,
				84371DED1CC4CFDB00478369 /* Alamofire iOS Tests.xctest */,
				84371DEF1CC4CFDB00478369 /* Alamofire.framework */,
				84371DF11CC4CFDB00478369 /* Alamofire OSX Tests.xctest */,
				84371DF31CC4CFDB00478369 /* Alamofire.framework */,
				84371DF51CC4CFDB00478369 /* Alamofire tvOS Tests.xctest */,
				84371DF71CC4CFDB00478369 /* Alamofire.framework */,
			);
			name = Products;
			sourceTree = "<group>";
		};
		847BC8871CBDEADF009E16A0 /* ThirdPartyClasses */ = {
			isa = PBXGroup;
			children = (
				84371DE01CC4CFDA00478369 /* Alamofire.xcodeproj */,
				847BC8881CBDEADF009E16A0 /* AFNetworkReachabilityManager */,
				842C81571CCE21B000109FD2 /* SVProgressHUD */,
			);
			path = ThirdPartyClasses;
			sourceTree = "<group>";
		};
		847BC8881CBDEADF009E16A0 /* AFNetworkReachabilityManager */ = {
			isa = PBXGroup;
			children = (
				847BC8891CBDEADF009E16A0 /* AFNetworkReachabilityManager.h */,
				847BC88A1CBDEADF009E16A0 /* AFNetworkReachabilityManager.m */,
			);
			path = AFNetworkReachabilityManager;
			sourceTree = "<group>";
		};
		847BC8A01CBDEE90009E16A0 /* SupportingFiles */ = {
			isa = PBXGroup;
			children = (
				848436BC1CBD033A007E59E7 /* Info.plist */,
				847BC8A11CBDEE90009E16A0 /* Assets.xcassets */,
				847BC8A21CBDEE90009E16A0 /* LaunchScreen.storyboard */,
				847BC8A41CBDEE90009E16A0 /* BridgeHeader.h */,
				847BC8A51CBDEE90009E16A0 /* BridgeHeader.m */,
				847BC8A61CBDEE90009E16A0 /* ImprMySkil-Bridging-Header.h */,
			);
			path = SupportingFiles;
			sourceTree = "<group>";
		};
		847BC8A71CBDEE90009E16A0 /* UI */ = {
			isa = PBXGroup;
			children = (
				847BC8A81CBDEE90009E16A0 /* Main */,
				842C814B1CCE1C6300109FD2 /* Login */,
			);
			path = UI;
			sourceTree = "<group>";
		};
		847BC8A81CBDEE90009E16A0 /* Main */ = {
			isa = PBXGroup;
			children = (
				847BC8A91CBDEE90009E16A0 /* AppDelegate.swift */,
				847BC8AA1CBDEE90009E16A0 /* Main.storyboard */,
				847BC8AB1CBDEE90009E16A0 /* ViewController.swift */,
			);
			path = Main;
			sourceTree = "<group>";
		};
		847BC8B21CBE2CF0009E16A0 /* CustomTools */ = {
			isa = PBXGroup;
			children = (
				84F912081CC60DA700AEAB90 /* FilterdWebCache */,
				847BC8B31CBE2D46009E16A0 /* CustomFont.swift */,
				847BC8B51CBE3184009E16A0 /* ReachabilityCTTelphoneRadioInfo.swift */,
				847BC8B71CBE37BB009E16A0 /* AddPerfernces.swift */,
				840CBBBD1CC0C57A00244345 /* UserDataMgr.swift */,
				840CBBBF1CC0D55500244345 /* DataRequest.swift */,
			);
			path = CustomTools;
			sourceTree = "<group>";
		};
		848436A41CBD033A007E59E7 = {
			isa = PBXGroup;
			children = (
				848436AF1CBD033A007E59E7 /* ImprMySkil */,
				848436C41CBD033A007E59E7 /* ImprMySkilTests */,
				848436CF1CBD033A007E59E7 /* ImprMySkilUITests */,
				848436AE1CBD033A007E59E7 /* Products */,
			);
			sourceTree = "<group>";
		};
		848436AE1CBD033A007E59E7 /* Products */ = {
			isa = PBXGroup;
			children = (
				848436AD1CBD033A007E59E7 /* ImprMySkil.app */,
				848436C11CBD033A007E59E7 /* ImprMySkilTests.xctest */,
				848436CC1CBD033A007E59E7 /* ImprMySkilUITests.xctest */,
			);
			name = Products;
			sourceTree = "<group>";
		};
		848436AF1CBD033A007E59E7 /* ImprMySkil */ = {
			isa = PBXGroup;
			children = (
				847BC8A01CBDEE90009E16A0 /* SupportingFiles */,
				842C81541CCE1E5000109FD2 /* CustomUI */,
				847BC8A71CBDEE90009E16A0 /* UI */,
				847BC8B21CBE2CF0009E16A0 /* CustomTools */,
				847BC8871CBDEADF009E16A0 /* ThirdPartyClasses */,
			);
			path = ImprMySkil;
			sourceTree = "<group>";
		};
		848436C41CBD033A007E59E7 /* ImprMySkilTests */ = {
			isa = PBXGroup;
			children = (
				848436C51CBD033A007E59E7 /* ImprMySkilTests.swift */,
				848436C71CBD033A007E59E7 /* Info.plist */,
			);
			path = ImprMySkilTests;
			sourceTree = "<group>";
		};
		848436CF1CBD033A007E59E7 /* ImprMySkilUITests */ = {
			isa = PBXGroup;
			children = (
				848436D01CBD033A007E59E7 /* ImprMySkilUITests.swift */,
				848436D21CBD033A007E59E7 /* Info.plist */,
			);
			path = ImprMySkilUITests;
			sourceTree = "<group>";
		};
		84F912081CC60DA700AEAB90 /* FilterdWebCache */ = {
			isa = PBXGroup;
			children = (
				84F9120F1CC60DC200AEAB90 /* FileterdWebCache.swift */,
			);
			path = FilterdWebCache;
			sourceTree = "<group>";
		};
/* End PBXGroup section */

/* Begin PBXNativeTarget section */
		848436AC1CBD033A007E59E7 /* ImprMySkil */ = {
			isa = PBXNativeTarget;
			buildConfigurationList = 848436D51CBD033A007E59E7 /* Build configuration list for PBXNativeTarget "ImprMySkil" */;
			buildPhases = (
				848436A91CBD033A007E59E7 /* Sources */,
				848436AA1CBD033A007E59E7 /* Frameworks */,
				848436AB1CBD033A007E59E7 /* Resources */,
				84371E011CC4D75A00478369 /* Embed Frameworks */,
			);
			buildRules = (
			);
			dependencies = (
				84371E001CC4D75A00478369 /* PBXTargetDependency */,
			);
			name = ImprMySkil;
			productName = ImprMySkil;
			productReference = 848436AD1CBD033A007E59E7 /* ImprMySkil.app */;
			productType = "com.apple.product-type.application";
		};
		848436C01CBD033A007E59E7 /* ImprMySkilTests */ = {
			isa = PBXNativeTarget;
			buildConfigurationList = 848436D81CBD033A007E59E7 /* Build configuration list for PBXNativeTarget "ImprMySkilTests" */;
			buildPhases = (
				848436BD1CBD033A007E59E7 /* Sources */,
				848436BE1CBD033A007E59E7 /* Frameworks */,
				848436BF1CBD033A007E59E7 /* Resources */,
			);
			buildRules = (
			);
			dependencies = (
				848436C31CBD033A007E59E7 /* PBXTargetDependency */,
			);
			name = ImprMySkilTests;
			productName = ImprMySkilTests;
			productReference = 848436C11CBD033A007E59E7 /* ImprMySkilTests.xctest */;
			productType = "com.apple.product-type.bundle.unit-test";
		};
		848436CB1CBD033A007E59E7 /* ImprMySkilUITests */ = {
			isa = PBXNativeTarget;
			buildConfigurationList = 848436DB1CBD033A007E59E7 /* Build configuration list for PBXNativeTarget "ImprMySkilUITests" */;
			buildPhases = (
				848436C81CBD033A007E59E7 /* Sources */,
				848436C91CBD033A007E59E7 /* Frameworks */,
				848436CA1CBD033A007E59E7 /* Resources */,
			);
			buildRules = (
			);
			dependencies = (
				848436CE1CBD033A007E59E7 /* PBXTargetDependency */,
			);
			name = ImprMySkilUITests;
			productName = ImprMySkilUITests;
			productReference = 848436CC1CBD033A007E59E7 /* ImprMySkilUITests.xctest */;
			productType = "com.apple.product-type.bundle.ui-testing";
		};
/* End PBXNativeTarget section */

/* Begin PBXProject section */
		848436A51CBD033A007E59E7 /* Project object */ = {
			isa = PBXProject;
			attributes = {
				LastSwiftUpdateCheck = 0730;
				LastUpgradeCheck = 0730;
				ORGANIZATIONNAME = Ejiajie;
				TargetAttributes = {
					848436AC1CBD033A007E59E7 = {
						CreatedOnToolsVersion = 7.3;
					};
					848436C01CBD033A007E59E7 = {
						CreatedOnToolsVersion = 7.3;
						TestTargetID = 848436AC1CBD033A007E59E7;
					};
					848436CB1CBD033A007E59E7 = {
						CreatedOnToolsVersion = 7.3;
						TestTargetID = 848436AC1CBD033A007E59E7;
					};
				};
			};
			buildConfigurationList = 848436A81CBD033A007E59E7 /* Build configuration list for PBXProject "ImprMySkil" */;
			compatibilityVersion = "Xcode 3.2";
			developmentRegion = English;
			hasScannedForEncodings = 0;
			knownRegions = (
				en,
				Base,
			);
			mainGroup = 848436A41CBD033A007E59E7;
			productRefGroup = 848436AE1CBD033A007E59E7 /* Products */;
			projectDirPath = "";
			projectReferences = (
				{
					ProductGroup = 84371DE11CC4CFDA00478369 /* Products */;
					ProjectRef = 84371DE01CC4CFDA00478369 /* Alamofire.xcodeproj */;
				},
			);
			projectRoot = "";
			targets = (
				848436AC1CBD033A007E59E7 /* ImprMySkil */,
				848436C01CBD033A007E59E7 /* ImprMySkilTests */,
				848436CB1CBD033A007E59E7 /* ImprMySkilUITests */,
			);
		};
/* End PBXProject section */

/* Begin PBXReferenceProxy section */
		84371DEB1CC4CFDB00478369 /* Alamofire.framework */ = {
			isa = PBXReferenceProxy;
			fileType = wrapper.framework;
			path = Alamofire.framework;
			remoteRef = 84371DEA1CC4CFDB00478369 /* PBXContainerItemProxy */;
			sourceTree = BUILT_PRODUCTS_DIR;
		};
		84371DED1CC4CFDB00478369 /* Alamofire iOS Tests.xctest */ = {
			isa = PBXReferenceProxy;
			fileType = wrapper.cfbundle;
			path = "Alamofire iOS Tests.xctest";
			remoteRef = 84371DEC1CC4CFDB00478369 /* PBXContainerItemProxy */;
			sourceTree = BUILT_PRODUCTS_DIR;
		};
		84371DEF1CC4CFDB00478369 /* Alamofire.framework */ = {
			isa = PBXReferenceProxy;
			fileType = wrapper.framework;
			path = Alamofire.framework;
			remoteRef = 84371DEE1CC4CFDB00478369 /* PBXContainerItemProxy */;
			sourceTree = BUILT_PRODUCTS_DIR;
		};
		84371DF11CC4CFDB00478369 /* Alamofire OSX Tests.xctest */ = {
			isa = PBXReferenceProxy;
			fileType = wrapper.cfbundle;
			path = "Alamofire OSX Tests.xctest";
			remoteRef = 84371DF01CC4CFDB00478369 /* PBXContainerItemProxy */;
			sourceTree = BUILT_PRODUCTS_DIR;
		};
		84371DF31CC4CFDB00478369 /* Alamofire.framework */ = {
			isa = PBXReferenceProxy;
			fileType = wrapper.framework;
			path = Alamofire.framework;
			remoteRef = 84371DF21CC4CFDB00478369 /* PBXContainerItemProxy */;
			sourceTree = BUILT_PRODUCTS_DIR;
		};
		84371DF51CC4CFDB00478369 /* Alamofire tvOS Tests.xctest */ = {
			isa = PBXReferenceProxy;
			fileType = wrapper.cfbundle;
			path = "Alamofire tvOS Tests.xctest";
			remoteRef = 84371DF41CC4CFDB00478369 /* PBXContainerItemProxy */;
			sourceTree = BUILT_PRODUCTS_DIR;
		};
		84371DF71CC4CFDB00478369 /* Alamofire.framework */ = {
			isa = PBXReferenceProxy;
			fileType = wrapper.framework;
			path = Alamofire.framework;
			remoteRef = 84371DF61CC4CFDB00478369 /* PBXContainerItemProxy */;
			sourceTree = BUILT_PRODUCTS_DIR;
		};
/* End PBXReferenceProxy section */

/* Begin PBXResourcesBuildPhase section */
		848436AB1CBD033A007E59E7 /* Resources */ = {
			isa = PBXResourcesBuildPhase;
			buildActionMask = 2147483647;
			files = (
				847BC8B01CBDEE90009E16A0 /* Main.storyboard in Resources */,
				847BC8AC1CBDEE90009E16A0 /* Assets.xcassets in Resources */,
				847BC8AD1CBDEE90009E16A0 /* LaunchScreen.storyboard in Resources */,
				842C815E1CCE21B000109FD2 /* SVProgressHUD.bundle in Resources */,
			);
			runOnlyForDeploymentPostprocessing = 0;
		};
		848436BF1CBD033A007E59E7 /* Resources */ = {
			isa = PBXResourcesBuildPhase;
			buildActionMask = 2147483647;
			files = (
			);
			runOnlyForDeploymentPostprocessing = 0;
		};
		848436CA1CBD033A007E59E7 /* Resources */ = {
			isa = PBXResourcesBuildPhase;
			buildActionMask = 2147483647;
			files = (
			);
			runOnlyForDeploymentPostprocessing = 0;
		};
/* End PBXResourcesBuildPhase section */

/* Begin PBXSourcesBuildPhase section */
		848436A91CBD033A007E59E7 /* Sources */ = {
			isa = PBXSourcesBuildPhase;
			buildActionMask = 2147483647;
			files = (
				840CBBC01CC0D55500244345 /* DataRequest.swift in Sources */,
				847BC8B81CBE37BB009E16A0 /* AddPerfernces.swift in Sources */,
				84F912101CC60DC200AEAB90 /* FileterdWebCache.swift in Sources */,
				842C815F1CCE21B000109FD2 /* SVProgressHUD.m in Sources */,
				847BC8B61CBE3184009E16A0 /* ReachabilityCTTelphoneRadioInfo.swift in Sources */,
				847BC8B41CBE2D46009E16A0 /* CustomFont.swift in Sources */,
				840CBBBE1CC0C57A00244345 /* UserDataMgr.swift in Sources */,
				847BC8AF1CBDEE90009E16A0 /* AppDelegate.swift in Sources */,
				847BC88B1CBDEADF009E16A0 /* AFNetworkReachabilityManager.m in Sources */,
				847BC8B11CBDEE90009E16A0 /* ViewController.swift in Sources */,
				847BC8AE1CBDEE90009E16A0 /* BridgeHeader.m in Sources */,
				842C81561CCE1E6B00109FD2 /* MyViewController.swift in Sources */,
				842C815D1CCE21B000109FD2 /* MySVProgressHUD.m in Sources */,
				842C81531CCE1CA800109FD2 /* LoginViewController.swift in Sources */,
			);
			runOnlyForDeploymentPostprocessing = 0;
		};
		848436BD1CBD033A007E59E7 /* Sources */ = {
			isa = PBXSourcesBuildPhase;
			buildActionMask = 2147483647;
			files = (
				848436C61CBD033A007E59E7 /* ImprMySkilTests.swift in Sources */,
			);
			runOnlyForDeploymentPostprocessing = 0;
		};
		848436C81CBD033A007E59E7 /* Sources */ = {
			isa = PBXSourcesBuildPhase;
			buildActionMask = 2147483647;
			files = (
				848436D11CBD033A007E59E7 /* ImprMySkilUITests.swift in Sources */,
			);
			runOnlyForDeploymentPostprocessing = 0;
		};
/* End PBXSourcesBuildPhase section */

/* Begin PBXTargetDependency section */
		84371E001CC4D75A00478369 /* PBXTargetDependency */ = {
			isa = PBXTargetDependency;
			name = "Alamofire iOS";
			targetProxy = 84371DFF1CC4D75A00478369 /* PBXContainerItemProxy */;
		};
		848436C31CBD033A007E59E7 /* PBXTargetDependency */ = {
			isa = PBXTargetDependency;
			target = 848436AC1CBD033A007E59E7 /* ImprMySkil */;
			targetProxy = 848436C21CBD033A007E59E7 /* PBXContainerItemProxy */;
		};
		848436CE1CBD033A007E59E7 /* PBXTargetDependency */ = {
			isa = PBXTargetDependency;
			target = 848436AC1CBD033A007E59E7 /* ImprMySkil */;
			targetProxy = 848436CD1CBD033A007E59E7 /* PBXContainerItemProxy */;
		};
/* End PBXTargetDependency section */

/* Begin PBXVariantGroup section */
		847BC8A21CBDEE90009E16A0 /* LaunchScreen.storyboard */ = {
			isa = PBXVariantGroup;
			children = (
				847BC8A31CBDEE90009E16A0 /* Base */,
			);
			name = LaunchScreen.storyboard;
			sourceTree = "<group>";
		};
/* End PBXVariantGroup section */

/* Begin XCBuildConfiguration section */
		848436D31CBD033A007E59E7 /* Debug */ = {
			isa = XCBuildConfiguration;
			buildSettings = {
				ALWAYS_SEARCH_USER_PATHS = NO;
				CLANG_ANALYZER_NONNULL = YES;
				CLANG_CXX_LANGUAGE_STANDARD = "gnu++0x";
				CLANG_CXX_LIBRARY = "libc++";
				CLANG_ENABLE_MODULES = YES;
				CLANG_ENABLE_OBJC_ARC = YES;
				CLANG_WARN_BOOL_CONVERSION = YES;
				CLANG_WARN_CONSTANT_CONVERSION = YES;
				CLANG_WARN_DIRECT_OBJC_ISA_USAGE = YES_ERROR;
				CLANG_WARN_EMPTY_BODY = YES;
				CLANG_WARN_ENUM_CONVERSION = YES;
				CLANG_WARN_INT_CONVERSION = YES;
				CLANG_WARN_OBJC_ROOT_CLASS = YES_ERROR;
				CLANG_WARN_UNREACHABLE_CODE = YES;
				CLANG_WARN__DUPLICATE_METHOD_MATCH = YES;
				"CODE_SIGN_IDENTITY[sdk=iphoneos*]" = "iPhone Developer";
				COPY_PHASE_STRIP = NO;
				DEBUG_INFORMATION_FORMAT = dwarf;
				ENABLE_STRICT_OBJC_MSGSEND = YES;
				ENABLE_TESTABILITY = YES;
				GCC_C_LANGUAGE_STANDARD = gnu99;
				GCC_DYNAMIC_NO_PIC = NO;
				GCC_NO_COMMON_BLOCKS = YES;
				GCC_OPTIMIZATION_LEVEL = 0;
				GCC_PREPROCESSOR_DEFINITIONS = (
					"DEBUG=1",
					"$(inherited)",
				);
				GCC_WARN_64_TO_32_BIT_CONVERSION = YES;
				GCC_WARN_ABOUT_RETURN_TYPE = YES_ERROR;
				GCC_WARN_UNDECLARED_SELECTOR = YES;
				GCC_WARN_UNINITIALIZED_AUTOS = YES_AGGRESSIVE;
				GCC_WARN_UNUSED_FUNCTION = YES;
				GCC_WARN_UNUSED_VARIABLE = YES;
				IPHONEOS_DEPLOYMENT_TARGET = 9.3;
				MTL_ENABLE_DEBUG_INFO = YES;
				ONLY_ACTIVE_ARCH = YES;
				SDKROOT = iphoneos;
				SWIFT_OPTIMIZATION_LEVEL = "-Onone";
			};
			name = Debug;
		};
		848436D41CBD033A007E59E7 /* Release */ = {
			isa = XCBuildConfiguration;
			buildSettings = {
				ALWAYS_SEARCH_USER_PATHS = NO;
				CLANG_ANALYZER_NONNULL = YES;
				CLANG_CXX_LANGUAGE_STANDARD = "gnu++0x";
				CLANG_CXX_LIBRARY = "libc++";
				CLANG_ENABLE_MODULES = YES;
				CLANG_ENABLE_OBJC_ARC = YES;
				CLANG_WARN_BOOL_CONVERSION = YES;
				CLANG_WARN_CONSTANT_CONVERSION = YES;
				CLANG_WARN_DIRECT_OBJC_ISA_USAGE = YES_ERROR;
				CLANG_WARN_EMPTY_BODY = YES;
				CLANG_WARN_ENUM_CONVERSION = YES;
				CLANG_WARN_INT_CONVERSION = YES;
				CLANG_WARN_OBJC_ROOT_CLASS = YES_ERROR;
				CLANG_WARN_UNREACHABLE_CODE = YES;
				CLANG_WARN__DUPLICATE_METHOD_MATCH = YES;
				"CODE_SIGN_IDENTITY[sdk=iphoneos*]" = "iPhone Developer";
				COPY_PHASE_STRIP = NO;
				DEBUG_INFORMATION_FORMAT = "dwarf-with-dsym";
				ENABLE_NS_ASSERTIONS = NO;
				ENABLE_STRICT_OBJC_MSGSEND = YES;
				GCC_C_LANGUAGE_STANDARD = gnu99;
				GCC_NO_COMMON_BLOCKS = YES;
				GCC_WARN_64_TO_32_BIT_CONVERSION = YES;
				GCC_WARN_ABOUT_RETURN_TYPE = YES_ERROR;
				GCC_WARN_UNDECLARED_SELECTOR = YES;
				GCC_WARN_UNINITIALIZED_AUTOS = YES_AGGRESSIVE;
				GCC_WARN_UNUSED_FUNCTION = YES;
				GCC_WARN_UNUSED_VARIABLE = YES;
				IPHONEOS_DEPLOYMENT_TARGET = 9.3;
				MTL_ENABLE_DEBUG_INFO = NO;
				SDKROOT = iphoneos;
				VALIDATE_PRODUCT = YES;
			};
			name = Release;
		};
		848436D61CBD033A007E59E7 /* Debug */ = {
			isa = XCBuildConfiguration;
			buildSettings = {
				ASSETCATALOG_COMPILER_APPICON_NAME = AppIcon;
				CLANG_ENABLE_MODULES = YES;
				EMBEDDED_CONTENT_CONTAINS_SWIFT = YES;
				INFOPLIST_FILE = ImprMySkil/Info.plist;
				LD_RUNPATH_SEARCH_PATHS = "$(inherited) @executable_path/Frameworks";
				PRODUCT_BUNDLE_IDENTIFIER = com.ejiajie.user.ImprMySkil;
				PRODUCT_NAME = "$(TARGET_NAME)";
				SWIFT_OBJC_BRIDGING_HEADER = "/Users/ejiajie/Desktop/ImprMySkil/ImprMySkil/SupportingFiles/ImprMySkil-Bridging-Header.h";
				SWIFT_OPTIMIZATION_LEVEL = "-Onone";
			};
			name = Debug;
		};
		848436D71CBD033A007E59E7 /* Release */ = {
			isa = XCBuildConfiguration;
			buildSettings = {
				ASSETCATALOG_COMPILER_APPICON_NAME = AppIcon;
				CLANG_ENABLE_MODULES = YES;
				EMBEDDED_CONTENT_CONTAINS_SWIFT = YES;
				INFOPLIST_FILE = ImprMySkil/Info.plist;
				LD_RUNPATH_SEARCH_PATHS = "$(inherited) @executable_path/Frameworks";
				PRODUCT_BUNDLE_IDENTIFIER = com.ejiajie.user.ImprMySkil;
				PRODUCT_NAME = "$(TARGET_NAME)";
				SWIFT_OBJC_BRIDGING_HEADER = "/Users/ejiajie/Desktop/ImprMySkil/ImprMySkil/SupportingFiles/ImprMySkil-Bridging-Header.h";
			};
			name = Release;
		};
		848436D91CBD033A007E59E7 /* Debug */ = {
			isa = XCBuildConfiguration;
			buildSettings = {
				BUNDLE_LOADER = "$(TEST_HOST)";
				INFOPLIST_FILE = ImprMySkilTests/Info.plist;
				LD_RUNPATH_SEARCH_PATHS = "$(inherited) @executable_path/Frameworks @loader_path/Frameworks";
				PRODUCT_BUNDLE_IDENTIFIER = com.ejiajie.user.ImprMySkilTests;
				PRODUCT_NAME = "$(TARGET_NAME)";
				TEST_HOST = "$(BUILT_PRODUCTS_DIR)/ImprMySkil.app/ImprMySkil";
			};
			name = Debug;
		};
		848436DA1CBD033A007E59E7 /* Release */ = {
			isa = XCBuildConfiguration;
			buildSettings = {
				BUNDLE_LOADER = "$(TEST_HOST)";
				INFOPLIST_FILE = ImprMySkilTests/Info.plist;
				LD_RUNPATH_SEARCH_PATHS = "$(inherited) @executable_path/Frameworks @loader_path/Frameworks";
				PRODUCT_BUNDLE_IDENTIFIER = com.ejiajie.user.ImprMySkilTests;
				PRODUCT_NAME = "$(TARGET_NAME)";
				TEST_HOST = "$(BUILT_PRODUCTS_DIR)/ImprMySkil.app/ImprMySkil";
			};
			name = Release;
		};
		848436DC1CBD033A007E59E7 /* Debug */ = {
			isa = XCBuildConfiguration;
			buildSettings = {
				INFOPLIST_FILE = ImprMySkilUITests/Info.plist;
				LD_RUNPATH_SEARCH_PATHS = "$(inherited) @executable_path/Frameworks @loader_path/Frameworks";
				PRODUCT_BUNDLE_IDENTIFIER = com.ejiajie.user.ImprMySkilUITests;
				PRODUCT_NAME = "$(TARGET_NAME)";
				TEST_TARGET_NAME = ImprMySkil;
			};
			name = Debug;
		};
		848436DD1CBD033A007E59E7 /* Release */ = {
			isa = XCBuildConfiguration;
			buildSettings = {
				INFOPLIST_FILE = ImprMySkilUITests/Info.plist;
				LD_RUNPATH_SEARCH_PATHS = "$(inherited) @executable_path/Frameworks @loader_path/Frameworks";
				PRODUCT_BUNDLE_IDENTIFIER = com.ejiajie.user.ImprMySkilUITests;
				PRODUCT_NAME = "$(TARGET_NAME)";
				TEST_TARGET_NAME = ImprMySkil;
			};
			name = Release;
		};
/* End XCBuildConfiguration section */

/* Begin XCConfigurationList section */
		848436A81CBD033A007E59E7 /* Build configuration list for PBXProject "ImprMySkil" */ = {
			isa = XCConfigurationList;
			buildConfigurations = (
				848436D31CBD033A007E59E7 /* Debug */,
				848436D41CBD033A007E59E7 /* Release */,
			);
			defaultConfigurationIsVisible = 0;
			defaultConfigurationName = Release;
		};
		848436D51CBD033A007E59E7 /* Build configuration list for PBXNativeTarget "ImprMySkil" */ = {
			isa = XCConfigurationList;
			buildConfigurations = (
				848436D61CBD033A007E59E7 /* Debug */,
				848436D71CBD033A007E59E7 /* Release */,
			);
			defaultConfigurationIsVisible = 0;
			defaultConfigurationName = Release;
		};
		848436D81CBD033A007E59E7 /* Build configuration list for PBXNativeTarget "ImprMySkilTests" */ = {
			isa = XCConfigurationList;
			buildConfigurations = (
				848436D91CBD033A007E59E7 /* Debug */,
				848436DA1CBD033A007E59E7 /* Release */,
			);
			defaultConfigurationIsVisible = 0;
			defaultConfigurationName = Release;
		};
		848436DB1CBD033A007E59E7 /* Build configuration list for PBXNativeTarget "ImprMySkilUITests" */ = {
			isa = XCConfigurationList;
			buildConfigurations = (
				848436DC1CBD033A007E59E7 /* Debug */,
				848436DD1CBD033A007E59E7 /* Release */,
			);
			defaultConfigurationIsVisible = 0;
			defaultConfigurationName = Release;
		};
/* End XCConfigurationList section */
	};
	rootObject = 848436A51CBD033A007E59E7 /* Project object */;
}
